
Microsoft Visual Studio Solution File, Format Version 12.00
# Visual Studio Version 17
VisualStudioVersion = 17.11.35327.3
MinimumVisualStudioVersion = 10.0.40219.1
Project("{FAE04EC0-301F-11D3-BF4B-00C04F79EFBC}") = "eserziArray7-10", "eserziArray7-10\eserziArray7-10.csproj", "{D03107F3-D327-4708-9674-950C5D9D9720}"
EndProject
Global
	GlobalSection(SolutionConfigurationPlatforms) = preSolution
		Debug|Any CPU = Debug|Any CPU
		Release|Any CPU = Release|Any CPU
	EndGlobalSection
	GlobalSection(ProjectConfigurationPlatforms) = postSolution
		{D03107F3-D327-4708-9674-950C5D9D9720}.Debug|Any CPU.ActiveCfg = Debug|Any CPU
		{D03107F3-D327-4708-9674-950C5D9D9720}.Debug|Any CPU.Build.0 = Debug|Any CPU
		{D03107F3-D327-4708-9674-950C5D9D9720}.Release|Any CPU.ActiveCfg = Release|Any CPU
		{D03107F3-D327-4708-9674-950C5D9D9720}.Release|Any CPU.Build.0 = Release|Any CPU
	EndGlobalSection
	GlobalSection(SolutionProperties) = preSolution
		HideSolutionNode = FALSE
	EndGlobalSection
	GlobalSection(ExtensibilityGlobals) = postSolution
		SolutionGuid = {4A39AF82-2934-4AE9-B335-2C7DA54CE5CA}
	EndGlobalSection
EndGlobal
